
Microsoft Visual Studio Solution File, Format Version 12.00
Project("{FAE04EC0-301F-11D3-BF4B-00C04F79EFBC}") = "DialogueSystem", "DialogueSystem.csproj", "{907A392E-C25C-42AE-8C14-3E0B96CD0C20}"
EndProject
Global
	GlobalSection(SolutionConfigurationPlatforms) = preSolution
		Debug|Any CPU = Debug|Any CPU
		Release|Any CPU = Release|Any CPU
	EndGlobalSection
	GlobalSection(ProjectConfigurationPlatforms) = postSolution
		{907A392E-C25C-42AE-8C14-3E0B96CD0C20}.Debug|Any CPU.ActiveCfg = Debug|Any CPU
		{907A392E-C25C-42AE-8C14-3E0B96CD0C20}.Debug|Any CPU.Build.0 = Debug|Any CPU
		{907A392E-C25C-42AE-8C14-3E0B96CD0C20}.Release|Any CPU.ActiveCfg = Release|Any CPU
		{907A392E-C25C-42AE-8C14-3E0B96CD0C20}.Release|Any CPU.Build.0 = Release|Any CPU
	EndGlobalSection
EndGlobal
